
Microsoft Visual Studio Solution File, Format Version 12.00
Project("{FAE04EC0-301F-11D3-BF4B-00C04F79EFBC}") = "UDP_demo.Server", "UDP_demo.Server\UDP_demo.Server.csproj", "{0145144A-D435-4772-A937-DAC64C10885F}"
EndProject
Project("{FAE04EC0-301F-11D3-BF4B-00C04F79EFBC}") = "UDP_demo.Client", "UDP_demo.Client\UDP_demo.Client.csproj", "{9C8AB2F0-AFDC-4205-B3F9-346D24344937}"
EndProject
Global
	GlobalSection(SolutionConfigurationPlatforms) = preSolution
		Debug|Any CPU = Debug|Any CPU
		Release|Any CPU = Release|Any CPU
	EndGlobalSection
	GlobalSection(ProjectConfigurationPlatforms) = postSolution
		{0145144A-D435-4772-A937-DAC64C10885F}.Debug|Any CPU.ActiveCfg = Debug|Any CPU
		{0145144A-D435-4772-A937-DAC64C10885F}.Debug|Any CPU.Build.0 = Debug|Any CPU
		{0145144A-D435-4772-A937-DAC64C10885F}.Release|Any CPU.ActiveCfg = Release|Any CPU
		{0145144A-D435-4772-A937-DAC64C10885F}.Release|Any CPU.Build.0 = Release|Any CPU
		{9C8AB2F0-AFDC-4205-B3F9-346D24344937}.Debug|Any CPU.ActiveCfg = Debug|Any CPU
		{9C8AB2F0-AFDC-4205-B3F9-346D24344937}.Debug|Any CPU.Build.0 = Debug|Any CPU
		{9C8AB2F0-AFDC-4205-B3F9-346D24344937}.Release|Any CPU.ActiveCfg = Release|Any CPU
		{9C8AB2F0-AFDC-4205-B3F9-346D24344937}.Release|Any CPU.Build.0 = Release|Any CPU
	EndGlobalSection
EndGlobal
